
Microsoft Visual Studio Solution File, Format Version 12.00
# Visual Studio Version 17
VisualStudioVersion = 17.0.31612.314
MinimumVisualStudioVersion = 10.0.40219.1
Project("{9A19103F-16F7-4668-BE54-9A1E7A4F7556}") = "RazorMarkup", "RazorMarkup\RazorMarkup.csproj", "{501BAD7A-22EC-4EB0-991E-04B0BE940C87}"
EndProject
Project("{9A19103F-16F7-4668-BE54-9A1E7A4F7556}") = "ClassLibrary3", "ClassLibrary3\ClassLibrary3.csproj", "{34EBBE89-F702-4E1A-A6EE-CDE29E3A6C21}"
EndProject
Project("{9A19103F-16F7-4668-BE54-9A1E7A4F7556}") = "RazorMarkup.Database", "RazorMarkup.Database\RazorMarkup.Database.csproj", "{186B5FE0-95AA-4F14-A71A-161D8C18F23F}"
EndProject
Project("{9A19103F-16F7-4668-BE54-9A1E7A4F7556}") = "RazorMarkup.Database.SqlServer", "RazorMarkup.Database.SqlServer\RazorMarkup.Database.SqlServer.csproj", "{F12C6CC9-CA9E-49E1-9802-A6F34D854A31}"
EndProject
Project("{9A19103F-16F7-4668-BE54-9A1E7A4F7556}") = "RazorMarkup.Database.SqlServer.Parser", "RazorMarkup.Database.SqlServer.Parser\RazorMarkup.Database.SqlServer.Parser.csproj", "{4E9382E7-E0B7-4037-B8B5-7B83B55A0B9F}"
EndProject
Project("{9A19103F-16F7-4668-BE54-9A1E7A4F7556}") = "RazorMarkup.Database.SqlServer.Tests", "RazorMarkup.Database.SqlServer.Tests\RazorMarkup.Database.SqlServer.Tests.csproj", "{51E0A353-A897-4936-9308-119F61738D6A}"
EndProject
Project("{FAE04EC0-301F-11D3-BF4B-00C04F79EFBC}") = "TestProject1", "TestProject1\TestProject1.csproj", "{34FA7C5F-45BF-4455-9622-C86BC8727E15}"
EndProject
Global
	GlobalSection(SolutionConfigurationPlatforms) = preSolution
		Debug|Any CPU = Debug|Any CPU
		Release|Any CPU = Release|Any CPU
	EndGlobalSection
	GlobalSection(ProjectConfigurationPlatforms) = postSolution
		{501BAD7A-22EC-4EB0-991E-04B0BE940C87}.Debug|Any CPU.ActiveCfg = Debug|Any CPU
		{501BAD7A-22EC-4EB0-991E-04B0BE940C87}.Debug|Any CPU.Build.0 = Debug|Any CPU
		{501BAD7A-22EC-4EB0-991E-04B0BE940C87}.Release|Any CPU.ActiveCfg = Release|Any CPU
		{501BAD7A-22EC-4EB0-991E-04B0BE940C87}.Release|Any CPU.Build.0 = Release|Any CPU
		{34EBBE89-F702-4E1A-A6EE-CDE29E3A6C21}.Debug|Any CPU.ActiveCfg = Debug|Any CPU
		{34EBBE89-F702-4E1A-A6EE-CDE29E3A6C21}.Debug|Any CPU.Build.0 = Debug|Any CPU
		{34EBBE89-F702-4E1A-A6EE-CDE29E3A6C21}.Release|Any CPU.ActiveCfg = Release|Any CPU
		{34EBBE89-F702-4E1A-A6EE-CDE29E3A6C21}.Release|Any CPU.Build.0 = Release|Any CPU
		{186B5FE0-95AA-4F14-A71A-161D8C18F23F}.Debug|Any CPU.ActiveCfg = Debug|Any CPU
		{186B5FE0-95AA-4F14-A71A-161D8C18F23F}.Debug|Any CPU.Build.0 = Debug|Any CPU
		{186B5FE0-95AA-4F14-A71A-161D8C18F23F}.Release|Any CPU.ActiveCfg = Release|Any CPU
		{186B5FE0-95AA-4F14-A71A-161D8C18F23F}.Release|Any CPU.Build.0 = Release|Any CPU
		{F12C6CC9-CA9E-49E1-9802-A6F34D854A31}.Debug|Any CPU.ActiveCfg = Debug|Any CPU
		{F12C6CC9-CA9E-49E1-9802-A6F34D854A31}.Debug|Any CPU.Build.0 = Debug|Any CPU
		{F12C6CC9-CA9E-49E1-9802-A6F34D854A31}.Release|Any CPU.ActiveCfg = Release|Any CPU
		{F12C6CC9-CA9E-49E1-9802-A6F34D854A31}.Release|Any CPU.Build.0 = Release|Any CPU
		{4E9382E7-E0B7-4037-B8B5-7B83B55A0B9F}.Debug|Any CPU.ActiveCfg = Debug|Any CPU
		{4E9382E7-E0B7-4037-B8B5-7B83B55A0B9F}.Debug|Any CPU.Build.0 = Debug|Any CPU
		{4E9382E7-E0B7-4037-B8B5-7B83B55A0B9F}.Release|Any CPU.ActiveCfg = Release|Any CPU
		{4E9382E7-E0B7-4037-B8B5-7B83B55A0B9F}.Release|Any CPU.Build.0 = Release|Any CPU
		{51E0A353-A897-4936-9308-119F61738D6A}.Debug|Any CPU.ActiveCfg = Debug|Any CPU
		{51E0A353-A897-4936-9308-119F61738D6A}.Debug|Any CPU.Build.0 = Debug|Any CPU
		{51E0A353-A897-4936-9308-119F61738D6A}.Release|Any CPU.ActiveCfg = Release|Any CPU
		{51E0A353-A897-4936-9308-119F61738D6A}.Release|Any CPU.Build.0 = Release|Any CPU
		{34FA7C5F-45BF-4455-9622-C86BC8727E15}.Debug|Any CPU.ActiveCfg = Debug|Any CPU
		{34FA7C5F-45BF-4455-9622-C86BC8727E15}.Debug|Any CPU.Build.0 = Debug|Any CPU
		{34FA7C5F-45BF-4455-9622-C86BC8727E15}.Release|Any CPU.ActiveCfg = Release|Any CPU
		{34FA7C5F-45BF-4455-9622-C86BC8727E15}.Release|Any CPU.Build.0 = Release|Any CPU
	EndGlobalSection
	GlobalSection(SolutionProperties) = preSolution
		HideSolutionNode = FALSE
	EndGlobalSection
	GlobalSection(ExtensibilityGlobals) = postSolution
		SolutionGuid = {18997457-AB78-4A5E-AA6E-30D158FD6EBD}
	EndGlobalSection
EndGlobal
